
Microsoft Visual Studio Solution File, Format Version 12.00
# Visual Studio Version 17
VisualStudioVersion = 17.4.33403.182
MinimumVisualStudioVersion = 10.0.40219.1
Project("{FAE04EC0-301F-11D3-BF4B-00C04F79EFBC}") = "Expense Tracker", "Expense Tracker\Expense Tracker.csproj", "{83E45ADE-53BE-4E8C-949B-7B34FE4DDA63}"
EndProject
Project("{2150E333-8FDC-42A3-9474-1A3956D46DE8}") = "Solution Items", "Solution Items", "{84962497-DA00-4DBE-877C-DE7BD82488BD}"
	ProjectSection(SolutionItems) = preProject
		.editorconfig = .editorconfig
	EndProjectSection
EndProject
Global
	GlobalSection(SolutionConfigurationPlatforms) = preSolution
		Debug|Any CPU = Debug|Any CPU
		Release|Any CPU = Release|Any CPU
	EndGlobalSection
	GlobalSection(ProjectConfigurationPlatforms) = postSolution
		{83E45ADE-53BE-4E8C-949B-7B34FE4DDA63}.Debug|Any CPU.ActiveCfg = Debug|Any CPU
		{83E45ADE-53BE-4E8C-949B-7B34FE4DDA63}.Debug|Any CPU.Build.0 = Debug|Any CPU
		{83E45ADE-53BE-4E8C-949B-7B34FE4DDA63}.Release|Any CPU.ActiveCfg = Release|Any CPU
		{83E45ADE-53BE-4E8C-949B-7B34FE4DDA63}.Release|Any CPU.Build.0 = Release|Any CPU
	EndGlobalSection
	GlobalSection(SolutionProperties) = preSolution
		HideSolutionNode = FALSE
	EndGlobalSection
	GlobalSection(ExtensibilityGlobals) = postSolution
		SolutionGuid = {BF98B41B-7F8B-4457-B6D9-DE9669309C41}
	EndGlobalSection
EndGlobal
